
Microsoft Visual Studio Solution File, Format Version 12.00
# Visual Studio Version 16
VisualStudioVersion = 16.0.30002.166
MinimumVisualStudioVersion = 10.0.40219.1
Project("{9A19103F-16F7-4668-BE54-9A1E7A4F7556}") = "TCSystem.Logging", "Logging\TCSystem.Logging.csproj", "{AC669ED1-3FC9-4AE7-B1C0-E90C20E9DD53}"
EndProject
Project("{2150E333-8FDC-42A3-9474-1A3956D46DE8}") = "99 Build", "99 Build", "{6D152A6C-C528-4993-B34C-91FF550D6D40}"
	ProjectSection(SolutionItems) = preProject
		.gitignore = .gitignore
		Directory.Build.props = Directory.Build.props
		Directory.Build.targets = Directory.Build.targets
		LICENSE = LICENSE
		Packaging.props = Packaging.props
		README.md = README.md
		Version.props = Version.props
	EndProjectSection
EndProject
Project("{2150E333-8FDC-42A3-9474-1A3956D46DE8}") = "Workflow", "Workflow", "{708DBACE-DA93-4E19-8CA2-70C8F260527C}"
	ProjectSection(SolutionItems) = preProject
		.github\workflows\analyze.yml = .github\workflows\analyze.yml
		.github\workflows\dotnet.yml = .github\workflows\dotnet.yml
		License.props = License.props
	EndProjectSection
EndProject
Project("{9A19103F-16F7-4668-BE54-9A1E7A4F7556}") = "TCSystem.Thread", "Thread\TCSystem.Thread.csproj", "{DDEEFF2E-9211-4D10-8C65-C8057B744684}"
EndProject
Project("{9A19103F-16F7-4668-BE54-9A1E7A4F7556}") = "TCSystem.MetaData", "MetaData\TCSystem.MetaData.csproj", "{1DE4EBE3-34A1-4A90-90CC-24E5FA269037}"
EndProject
Project("{9A19103F-16F7-4668-BE54-9A1E7A4F7556}") = "TCSystem.MetaDataDB", "MetaDataDB\TCSystem.MetaDataDB.csproj", "{34ABFE86-D4BA-4672-B323-AE0AF186AFE5}"
EndProject
Project("{2150E333-8FDC-42A3-9474-1A3956D46DE8}") = "10 Tools", "10 Tools", "{6CE560F4-9704-4980-8C99-023B7FC95801}"
EndProject
Project("{9A19103F-16F7-4668-BE54-9A1E7A4F7556}") = "TCSystem.Tools.DBConverter", "Tools\DBConverter\TCSystem.Tools.DBConverter.csproj", "{DEBDD0BE-D427-4174-81FA-FD91DD11FACB}"
EndProject
Project("{2150E333-8FDC-42A3-9474-1A3956D46DE8}") = "50 Tests", "50 Tests", "{4CE1B8F2-510C-49F2-A0F0-B9D00EDEB28A}"
EndProject
Project("{2150E333-8FDC-42A3-9474-1A3956D46DE8}") = "01 Libs", "01 Libs", "{4057D25C-619C-46D2-AC77-47B5D34BE2F4}"
EndProject
Project("{9A19103F-16F7-4668-BE54-9A1E7A4F7556}") = "TCSystem.MetaData.Tests", "MetaData\Tests\TCSystem.MetaData.Tests.csproj", "{3DC9B76A-5104-46E2-82A5-0AC6A59F2A5A}"
EndProject
Project("{9A19103F-16F7-4668-BE54-9A1E7A4F7556}") = "TCSystem.Util", "Util\TCSystem.Util.csproj", "{7E5A256C-2761-4949-AA04-A4CCF2999913}"
EndProject
Global
	GlobalSection(SolutionConfigurationPlatforms) = preSolution
		Debug|Any CPU = Debug|Any CPU
		Release|Any CPU = Release|Any CPU
	EndGlobalSection
	GlobalSection(ProjectConfigurationPlatforms) = postSolution
		{AC669ED1-3FC9-4AE7-B1C0-E90C20E9DD53}.Debug|Any CPU.ActiveCfg = Debug|Any CPU
		{AC669ED1-3FC9-4AE7-B1C0-E90C20E9DD53}.Debug|Any CPU.Build.0 = Debug|Any CPU
		{AC669ED1-3FC9-4AE7-B1C0-E90C20E9DD53}.Release|Any CPU.ActiveCfg = Release|Any CPU
		{AC669ED1-3FC9-4AE7-B1C0-E90C20E9DD53}.Release|Any CPU.Build.0 = Release|Any CPU
		{DDEEFF2E-9211-4D10-8C65-C8057B744684}.Debug|Any CPU.ActiveCfg = Debug|Any CPU
		{DDEEFF2E-9211-4D10-8C65-C8057B744684}.Debug|Any CPU.Build.0 = Debug|Any CPU
		{DDEEFF2E-9211-4D10-8C65-C8057B744684}.Release|Any CPU.ActiveCfg = Release|Any CPU
		{DDEEFF2E-9211-4D10-8C65-C8057B744684}.Release|Any CPU.Build.0 = Release|Any CPU
		{1DE4EBE3-34A1-4A90-90CC-24E5FA269037}.Debug|Any CPU.ActiveCfg = Debug|Any CPU
		{1DE4EBE3-34A1-4A90-90CC-24E5FA269037}.Debug|Any CPU.Build.0 = Debug|Any CPU
		{1DE4EBE3-34A1-4A90-90CC-24E5FA269037}.Release|Any CPU.ActiveCfg = Release|Any CPU
		{1DE4EBE3-34A1-4A90-90CC-24E5FA269037}.Release|Any CPU.Build.0 = Release|Any CPU
		{34ABFE86-D4BA-4672-B323-AE0AF186AFE5}.Debug|Any CPU.ActiveCfg = Debug|Any CPU
		{34ABFE86-D4BA-4672-B323-AE0AF186AFE5}.Debug|Any CPU.Build.0 = Debug|Any CPU
		{34ABFE86-D4BA-4672-B323-AE0AF186AFE5}.Release|Any CPU.ActiveCfg = Release|Any CPU
		{34ABFE86-D4BA-4672-B323-AE0AF186AFE5}.Release|Any CPU.Build.0 = Release|Any CPU
		{DEBDD0BE-D427-4174-81FA-FD91DD11FACB}.Debug|Any CPU.ActiveCfg = Debug|Any CPU
		{DEBDD0BE-D427-4174-81FA-FD91DD11FACB}.Debug|Any CPU.Build.0 = Debug|Any CPU
		{DEBDD0BE-D427-4174-81FA-FD91DD11FACB}.Release|Any CPU.ActiveCfg = Release|Any CPU
		{DEBDD0BE-D427-4174-81FA-FD91DD11FACB}.Release|Any CPU.Build.0 = Release|Any CPU
		{3DC9B76A-5104-46E2-82A5-0AC6A59F2A5A}.Debug|Any CPU.ActiveCfg = Debug|Any CPU
		{3DC9B76A-5104-46E2-82A5-0AC6A59F2A5A}.Debug|Any CPU.Build.0 = Debug|Any CPU
		{3DC9B76A-5104-46E2-82A5-0AC6A59F2A5A}.Release|Any CPU.ActiveCfg = Release|Any CPU
		{3DC9B76A-5104-46E2-82A5-0AC6A59F2A5A}.Release|Any CPU.Build.0 = Release|Any CPU
		{7E5A256C-2761-4949-AA04-A4CCF2999913}.Debug|Any CPU.ActiveCfg = Debug|Any CPU
		{7E5A256C-2761-4949-AA04-A4CCF2999913}.Debug|Any CPU.Build.0 = Debug|Any CPU
		{7E5A256C-2761-4949-AA04-A4CCF2999913}.Release|Any CPU.ActiveCfg = Release|Any CPU
		{7E5A256C-2761-4949-AA04-A4CCF2999913}.Release|Any CPU.Build.0 = Release|Any CPU
	EndGlobalSection
	GlobalSection(SolutionProperties) = preSolution
		HideSolutionNode = FALSE
	EndGlobalSection
	GlobalSection(NestedProjects) = preSolution
		{AC669ED1-3FC9-4AE7-B1C0-E90C20E9DD53} = {4057D25C-619C-46D2-AC77-47B5D34BE2F4}
		{708DBACE-DA93-4E19-8CA2-70C8F260527C} = {6D152A6C-C528-4993-B34C-91FF550D6D40}
		{DDEEFF2E-9211-4D10-8C65-C8057B744684} = {4057D25C-619C-46D2-AC77-47B5D34BE2F4}
		{1DE4EBE3-34A1-4A90-90CC-24E5FA269037} = {4057D25C-619C-46D2-AC77-47B5D34BE2F4}
		{34ABFE86-D4BA-4672-B323-AE0AF186AFE5} = {4057D25C-619C-46D2-AC77-47B5D34BE2F4}
		{DEBDD0BE-D427-4174-81FA-FD91DD11FACB} = {6CE560F4-9704-4980-8C99-023B7FC95801}
		{3DC9B76A-5104-46E2-82A5-0AC6A59F2A5A} = {4CE1B8F2-510C-49F2-A0F0-B9D00EDEB28A}
		{7E5A256C-2761-4949-AA04-A4CCF2999913} = {4057D25C-619C-46D2-AC77-47B5D34BE2F4}
	EndGlobalSection
	GlobalSection(ExtensibilityGlobals) = postSolution
		SolutionGuid = {54DE1ACD-AE36-4599-8245-A013203F9814}
	EndGlobalSection
EndGlobal
